Microsoft Visual Studio Solution File, Format Version 12.00
# Visual Studio Version 17
VisualStudioVersion = 17.5.2.0
MinimumVisualStudioVersion = 10.0.40219.1
Project("{FAE04EC0-301F-11D3-BF4B-00C04F79EFBC}") = "APL2007M2Sample1", "APL2007M2Sample1\APL2007M2Sample1.csproj", "{FF6EEB84-DE05-BFCD-AE3A-725933538072}"
EndProject
Project("{FAE04EC0-301F-11D3-BF4B-00C04F79EFBC}") = "APL2007M3SalesReport-InlineChat", "APL2007M3SalesReport-InlineChat\APL2007M3SalesReport-InlineChat.csproj", "{07DB804C-6423-8CE0-AE75-972752D629B4}"
EndProject
Project("{FAE04EC0-301F-11D3-BF4B-00C04F79EFBC}") = "APL2007M3SalesReport", "APL2007M3SalesReport-CodeLogicChallenge\APL2007M3SalesReport.csproj", "{26BC9B38-24EA-5C30-8395-3FA7FB5872DC}"
EndProject
Project("{FAE04EC0-301F-11D3-BF4B-00C04F79EFBC}") = "APL2007M3SalesReport-NewCodeChallenge", "APL2007M3SalesReport-NewCodeChallenge\APL2007M3SalesReport-NewCodeChallenge.csproj", "{9ED407C2-F517-B63A-05F4-690E114E21DD}"
EndProject
Project("{FAE04EC0-301F-11D3-BF4B-00C04F79EFBC}") = "APL2007M3SalesReport-SalesOrders", "APL2007M3SalesReport-SalesOrders\APL2007M3SalesReport-SalesOrders.csproj", "{101041BF-5E4A-408F-DE66-B3F56E6483C2}"
EndProject
Project("{FAE04EC0-301F-11D3-BF4B-00C04F79EFBC}") = "APL2007M2Sample2", "APL2007M2Sample2\APL2007M2Sample2.csproj", "{6E40E670-C04A-8C59-7F11-6DFBE02E534B}"
EndProject
Project("{FAE04EC0-301F-11D3-BF4B-00C04F79EFBC}") = "APL2007M5", "APL2007M5SalesReport\APL2007M5.csproj", "{63ED03D1-800F-C64D-B36A-DF6B117491BF}"
EndProject
Project("{2150E333-8FDC-42A3-9474-1A3956D46DE8}") = "APL2007M4BankAccount", "APL2007M4BankAccount", "{322188A8-81B8-9378-DF84-D41E8AAF4D22}"
EndProject
Project("{2150E333-8FDC-42A3-9474-1A3956D46DE8}") = "APL2007M5BankAccount-Reliability", "APL2007M5BankAccount-Reliability", "{C516925F-FA27-C587-FC22-E3C97D49ABAE}"
EndProject
Project("{2150E333-8FDC-42A3-9474-1A3956D46DE8}") = "APL2007M4PrimeService", "APL2007M4PrimeService", "{1572C303-F064-7D07-C908-61DFD125BBB1}"
EndProject
Project("{2150E333-8FDC-42A3-9474-1A3956D46DE8}") = "APL2007M5BankAccount", "APL2007M5BankAccount", "{45A33A13-04D6-0B08-430C-FC8781AE7B8C}"
EndProject
Project("{2150E333-8FDC-42A3-9474-1A3956D46DE8}") = "APL2007M4SalesReport", "APL2007M4SalesReport", "{F1E72D68-C5CF-A1B3-9C55-2ACD18551E3B}"
EndProject
Project("{2150E333-8FDC-42A3-9474-1A3956D46DE8}") = "APL2007M4PrimeService-UnitTests", "APL2007M4PrimeService-UnitTests", "{81EA41DF-F673-7182-0076-1F0024016200}"
EndProject
Project("{2150E333-8FDC-42A3-9474-1A3956D46DE8}") = "APL2007M5BankAccount-Security", "APL2007M5BankAccount-Security", "{7C4FDD80-2A28-6315-FD3B-ACD3980CD472}"
EndProject
Project("{FAE04EC0-301F-11D3-BF4B-00C04F79EFBC}") = "BankAccount", "APL2007M4BankAccount\BankAccountClass\BankAccount.csproj", "{75675ACC-4256-4889-1506-931F8BCF6BAC}"
EndProject
Project("{FAE04EC0-301F-11D3-BF4B-00C04F79EFBC}") = "BankAccount", "APL2007M5BankAccount-Reliability\BankAccountClass\BankAccount.csproj", "{8CBA3B24-9347-7302-6DB2-F2413924E061}"
EndProject
Project("{FAE04EC0-301F-11D3-BF4B-00C04F79EFBC}") = "BankAccount.UnitTests", "APL2007M5BankAccount-Reliability\BankAccount.UnitTests\BankAccount.UnitTests.csproj", "{ED1A8688-5E79-EE4B-014B-37B25BDFB019}"
EndProject
Project("{FAE04EC0-301F-11D3-BF4B-00C04F79EFBC}") = "Numbers", "APL2007M4PrimeService\Numbers\Numbers.csproj", "{C277C6BA-F9B6-9C09-583E-CF038CAD912B}"
EndProject
Project("{FAE04EC0-301F-11D3-BF4B-00C04F79EFBC}") = "BankAccount", "APL2007M5BankAccount\BankAccountClass\BankAccount.csproj", "{C5B5D5FF-EF2F-E4F1-471D-DDE6E095B447}"
EndProject
Project("{FAE04EC0-301F-11D3-BF4B-00C04F79EFBC}") = "BankAccount.UnitTests", "APL2007M5BankAccount\BankAccount.UnitTests\BankAccount.UnitTests.csproj", "{EDAB7417-0A9D-0119-C454-AC7B62CC82CA}"
EndProject
Project("{FAE04EC0-301F-11D3-BF4B-00C04F79EFBC}") = "APL2007M4", "APL2007M4SalesReport\SalesReportApp\APL2007M4.csproj", "{F99E5A51-1CE1-EE83-0A19-DE552FD692EA}"
EndProject
Project("{FAE04EC0-301F-11D3-BF4B-00C04F79EFBC}") = "PrimeService.UnitTests", "APL2007M4PrimeService-UnitTests\PrimeService.UnitTests\PrimeService.UnitTests.csproj", "{C79F26CE-B545-DA80-73CD-765D9509C178}"
EndProject
Project("{FAE04EC0-301F-11D3-BF4B-00C04F79EFBC}") = "Numbers", "APL2007M4PrimeService-UnitTests\Numbers\Numbers.csproj", "{88A99C9A-930D-D51F-A393-EC6E5B7A7453}"
EndProject
Project("{FAE04EC0-301F-11D3-BF4B-00C04F79EFBC}") = "BankAccount", "APL2007M5BankAccount-Security\BankAccountClass\BankAccount.csproj", "{FC57E30A-FCD5-B8FD-0A4F-88BE23562C3E}"
EndProject
Project("{FAE04EC0-301F-11D3-BF4B-00C04F79EFBC}") = "BankAccount.UnitTests", "APL2007M5BankAccount-Security\BankAccount.UnitTests\BankAccount.UnitTests.csproj", "{1FBF7311-8D17-5BBE-2A43-33A06FF09FB8}"
EndProject
Global
	GlobalSection(SolutionConfigurationPlatforms) = preSolution
		Debug|Any CPU = Debug|Any CPU
		Release|Any CPU = Release|Any CPU
	EndGlobalSection
	GlobalSection(ProjectConfigurationPlatforms) = postSolution
		{FF6EEB84-DE05-BFCD-AE3A-725933538072}.Debug|Any CPU.ActiveCfg = Debug|Any CPU
		{FF6EEB84-DE05-BFCD-AE3A-725933538072}.Debug|Any CPU.Build.0 = Debug|Any CPU
		{FF6EEB84-DE05-BFCD-AE3A-725933538072}.Release|Any CPU.ActiveCfg = Release|Any CPU
		{FF6EEB84-DE05-BFCD-AE3A-725933538072}.Release|Any CPU.Build.0 = Release|Any CPU
		{07DB804C-6423-8CE0-AE75-972752D629B4}.Debug|Any CPU.ActiveCfg = Debug|Any CPU
		{07DB804C-6423-8CE0-AE75-972752D629B4}.Debug|Any CPU.Build.0 = Debug|Any CPU
		{07DB804C-6423-8CE0-AE75-972752D629B4}.Release|Any CPU.ActiveCfg = Release|Any CPU
		{07DB804C-6423-8CE0-AE75-972752D629B4}.Release|Any CPU.Build.0 = Release|Any CPU
		{26BC9B38-24EA-5C30-8395-3FA7FB5872DC}.Debug|Any CPU.ActiveCfg = Debug|Any CPU
		{26BC9B38-24EA-5C30-8395-3FA7FB5872DC}.Debug|Any CPU.Build.0 = Debug|Any CPU
		{26BC9B38-24EA-5C30-8395-3FA7FB5872DC}.Release|Any CPU.ActiveCfg = Release|Any CPU
		{26BC9B38-24EA-5C30-8395-3FA7FB5872DC}.Release|Any CPU.Build.0 = Release|Any CPU
		{9ED407C2-F517-B63A-05F4-690E114E21DD}.Debug|Any CPU.ActiveCfg = Debug|Any CPU
		{9ED407C2-F517-B63A-05F4-690E114E21DD}.Debug|Any CPU.Build.0 = Debug|Any CPU
		{9ED407C2-F517-B63A-05F4-690E114E21DD}.Release|Any CPU.ActiveCfg = Release|Any CPU
		{9ED407C2-F517-B63A-05F4-690E114E21DD}.Release|Any CPU.Build.0 = Release|Any CPU
		{101041BF-5E4A-408F-DE66-B3F56E6483C2}.Debug|Any CPU.ActiveCfg = Debug|Any CPU
		{101041BF-5E4A-408F-DE66-B3F56E6483C2}.Debug|Any CPU.Build.0 = Debug|Any CPU
		{101041BF-5E4A-408F-DE66-B3F56E6483C2}.Release|Any CPU.ActiveCfg = Release|Any CPU
		{101041BF-5E4A-408F-DE66-B3F56E6483C2}.Release|Any CPU.Build.0 = Release|Any CPU
		{6E40E670-C04A-8C59-7F11-6DFBE02E534B}.Debug|Any CPU.ActiveCfg = Debug|Any CPU
		{6E40E670-C04A-8C59-7F11-6DFBE02E534B}.Debug|Any CPU.Build.0 = Debug|Any CPU
		{6E40E670-C04A-8C59-7F11-6DFBE02E534B}.Release|Any CPU.ActiveCfg = Release|Any CPU
		{6E40E670-C04A-8C59-7F11-6DFBE02E534B}.Release|Any CPU.Build.0 = Release|Any CPU
		{63ED03D1-800F-C64D-B36A-DF6B117491BF}.Debug|Any CPU.ActiveCfg = Debug|Any CPU
		{63ED03D1-800F-C64D-B36A-DF6B117491BF}.Debug|Any CPU.Build.0 = Debug|Any CPU
		{63ED03D1-800F-C64D-B36A-DF6B117491BF}.Release|Any CPU.ActiveCfg = Release|Any CPU
		{63ED03D1-800F-C64D-B36A-DF6B117491BF}.Release|Any CPU.Build.0 = Release|Any CPU
		{75675ACC-4256-4889-1506-931F8BCF6BAC}.Debug|Any CPU.ActiveCfg = Debug|Any CPU
		{75675ACC-4256-4889-1506-931F8BCF6BAC}.Debug|Any CPU.Build.0 = Debug|Any CPU
		{75675ACC-4256-4889-1506-931F8BCF6BAC}.Release|Any CPU.ActiveCfg = Release|Any CPU
		{75675ACC-4256-4889-1506-931F8BCF6BAC}.Release|Any CPU.Build.0 = Release|Any CPU
		{8CBA3B24-9347-7302-6DB2-F2413924E061}.Debug|Any CPU.ActiveCfg = Debug|Any CPU
		{8CBA3B24-9347-7302-6DB2-F2413924E061}.Debug|Any CPU.Build.0 = Debug|Any CPU
		{8CBA3B24-9347-7302-6DB2-F2413924E061}.Release|Any CPU.ActiveCfg = Release|Any CPU
		{8CBA3B24-9347-7302-6DB2-F2413924E061}.Release|Any CPU.Build.0 = Release|Any CPU
		{ED1A8688-5E79-EE4B-014B-37B25BDFB019}.Debug|Any CPU.ActiveCfg = Debug|Any CPU
		{ED1A8688-5E79-EE4B-014B-37B25BDFB019}.Debug|Any CPU.Build.0 = Debug|Any CPU
		{ED1A8688-5E79-EE4B-014B-37B25BDFB019}.Release|Any CPU.ActiveCfg = Release|Any CPU
		{ED1A8688-5E79-EE4B-014B-37B25BDFB019}.Release|Any CPU.Build.0 = Release|Any CPU
		{C277C6BA-F9B6-9C09-583E-CF038CAD912B}.Debug|Any CPU.ActiveCfg = Debug|Any CPU
		{C277C6BA-F9B6-9C09-583E-CF038CAD912B}.Debug|Any CPU.Build.0 = Debug|Any CPU
		{C277C6BA-F9B6-9C09-583E-CF038CAD912B}.Release|Any CPU.ActiveCfg = Release|Any CPU
		{C277C6BA-F9B6-9C09-583E-CF038CAD912B}.Release|Any CPU.Build.0 = Release|Any CPU
		{C5B5D5FF-EF2F-E4F1-471D-DDE6E095B447}.Debug|Any CPU.ActiveCfg = Debug|Any CPU
		{C5B5D5FF-EF2F-E4F1-471D-DDE6E095B447}.Debug|Any CPU.Build.0 = Debug|Any CPU
		{C5B5D5FF-EF2F-E4F1-471D-DDE6E095B447}.Release|Any CPU.ActiveCfg = Release|Any CPU
		{C5B5D5FF-EF2F-E4F1-471D-DDE6E095B447}.Release|Any CPU.Build.0 = Release|Any CPU
		{EDAB7417-0A9D-0119-C454-AC7B62CC82CA}.Debug|Any CPU.ActiveCfg = Debug|Any CPU
		{EDAB7417-0A9D-0119-C454-AC7B62CC82CA}.Debug|Any CPU.Build.0 = Debug|Any CPU
		{EDAB7417-0A9D-0119-C454-AC7B62CC82CA}.Release|Any CPU.ActiveCfg = Release|Any CPU
		{EDAB7417-0A9D-0119-C454-AC7B62CC82CA}.Release|Any CPU.Build.0 = Release|Any CPU
		{F99E5A51-1CE1-EE83-0A19-DE552FD692EA}.Debug|Any CPU.ActiveCfg = Debug|Any CPU
		{F99E5A51-1CE1-EE83-0A19-DE552FD692EA}.Debug|Any CPU.Build.0 = Debug|Any CPU
		{F99E5A51-1CE1-EE83-0A19-DE552FD692EA}.Release|Any CPU.ActiveCfg = Release|Any CPU
		{F99E5A51-1CE1-EE83-0A19-DE552FD692EA}.Release|Any CPU.Build.0 = Release|Any CPU
		{C79F26CE-B545-DA80-73CD-765D9509C178}.Debug|Any CPU.ActiveCfg = Debug|Any CPU
		{C79F26CE-B545-DA80-73CD-765D9509C178}.Debug|Any CPU.Build.0 = Debug|Any CPU
		{C79F26CE-B545-DA80-73CD-765D9509C178}.Release|Any CPU.ActiveCfg = Release|Any CPU
		{C79F26CE-B545-DA80-73CD-765D9509C178}.Release|Any CPU.Build.0 = Release|Any CPU
		{88A99C9A-930D-D51F-A393-EC6E5B7A7453}.Debug|Any CPU.ActiveCfg = Debug|Any CPU
		{88A99C9A-930D-D51F-A393-EC6E5B7A7453}.Debug|Any CPU.Build.0 = Debug|Any CPU
		{88A99C9A-930D-D51F-A393-EC6E5B7A7453}.Release|Any CPU.ActiveCfg = Release|Any CPU
		{88A99C9A-930D-D51F-A393-EC6E5B7A7453}.Release|Any CPU.Build.0 = Release|Any CPU
		{FC57E30A-FCD5-B8FD-0A4F-88BE23562C3E}.Debug|Any CPU.ActiveCfg = Debug|Any CPU
		{FC57E30A-FCD5-B8FD-0A4F-88BE23562C3E}.Debug|Any CPU.Build.0 = Debug|Any CPU
		{FC57E30A-FCD5-B8FD-0A4F-88BE23562C3E}.Release|Any CPU.ActiveCfg = Release|Any CPU
		{FC57E30A-FCD5-B8FD-0A4F-88BE23562C3E}.Release|Any CPU.Build.0 = Release|Any CPU
		{1FBF7311-8D17-5BBE-2A43-33A06FF09FB8}.Debug|Any CPU.ActiveCfg = Debug|Any CPU
		{1FBF7311-8D17-5BBE-2A43-33A06FF09FB8}.Debug|Any CPU.Build.0 = Debug|Any CPU
		{1FBF7311-8D17-5BBE-2A43-33A06FF09FB8}.Release|Any CPU.ActiveCfg = Release|Any CPU
		{1FBF7311-8D17-5BBE-2A43-33A06FF09FB8}.Release|Any CPU.Build.0 = Release|Any CPU
	EndGlobalSection
	GlobalSection(SolutionProperties) = preSolution
		HideSolutionNode = FALSE
	EndGlobalSection
	GlobalSection(NestedProjects) = preSolution
		{75675ACC-4256-4889-1506-931F8BCF6BAC} = {322188A8-81B8-9378-DF84-D41E8AAF4D22}
		{8CBA3B24-9347-7302-6DB2-F2413924E061} = {C516925F-FA27-C587-FC22-E3C97D49ABAE}
		{ED1A8688-5E79-EE4B-014B-37B25BDFB019} = {C516925F-FA27-C587-FC22-E3C97D49ABAE}
		{C277C6BA-F9B6-9C09-583E-CF038CAD912B} = {1572C303-F064-7D07-C908-61DFD125BBB1}
		{C5B5D5FF-EF2F-E4F1-471D-DDE6E095B447} = {45A33A13-04D6-0B08-430C-FC8781AE7B8C}
		{EDAB7417-0A9D-0119-C454-AC7B62CC82CA} = {45A33A13-04D6-0B08-430C-FC8781AE7B8C}
		{F99E5A51-1CE1-EE83-0A19-DE552FD692EA} = {F1E72D68-C5CF-A1B3-9C55-2ACD18551E3B}
		{C79F26CE-B545-DA80-73CD-765D9509C178} = {81EA41DF-F673-7182-0076-1F0024016200}
		{88A99C9A-930D-D51F-A393-EC6E5B7A7453} = {81EA41DF-F673-7182-0076-1F0024016200}
		{FC57E30A-FCD5-B8FD-0A4F-88BE23562C3E} = {7C4FDD80-2A28-6315-FD3B-ACD3980CD472}
		{1FBF7311-8D17-5BBE-2A43-33A06FF09FB8} = {7C4FDD80-2A28-6315-FD3B-ACD3980CD472}
	EndGlobalSection
	GlobalSection(ExtensibilityGlobals) = postSolution
		SolutionGuid = {0CCE36EA-F31A-4191-8041-53913BA64352}
	EndGlobalSection
EndGlobal
